
Microsoft Visual Studio Solution File, Format Version 12.00
# Visual Studio 15
Project("{FAE04EC0-301F-11D3-BF4B-00C04F79EFBC}") = "OpenRates.iOS", "OpenRates.iOS\OpenRates.iOS.csproj", "{E8F90A67-670D-4CA1-BF60-C28C5E96B99D}"
EndProject
Project("{FAE04EC0-301F-11D3-BF4B-00C04F79EFBC}") = "OpenRates.Api", "OpenRates.Api\OpenRates.Api.csproj", "{12F8221E-F1DF-4372-94BF-A6BECFDA196F}"
EndProject
Project("{FAE04EC0-301F-11D3-BF4B-00C04F79EFBC}") = "OpenRates.iOS.Shared", "OpenRates.iOS.Shared\OpenRates.iOS.Shared.csproj", "{7EA6BBA4-8007-41F5-9C1C-8009F7E414BB}"
EndProject
Project("{FAE04EC0-301F-11D3-BF4B-00C04F79EFBC}") = "OpenRates.iOS.SiriIntentsBinding", "OpenRates.iOS.SiriIntentsBinding\OpenRates.iOS.SiriIntentsBinding.csproj", "{9B0B8742-B172-4C25-8AC2-FAEB7F7BB342}"
EndProject
Project("{FAE04EC0-301F-11D3-BF4B-00C04F79EFBC}") = "OpenRates.iOS.SiriExtension", "OpenRates.iOS.SiriExtension\OpenRates.iOS.SiriExtension.csproj", "{0DE9331D-2F1C-4E60-90C4-E09A4ED2DD1A}"
EndProject
Global
	GlobalSection(SolutionConfigurationPlatforms) = preSolution
		Debug|iPhone = Debug|iPhone
		Debug|iPhoneSimulator = Debug|iPhoneSimulator
		Release|iPhone = Release|iPhone
		Release|iPhoneSimulator = Release|iPhoneSimulator
	EndGlobalSection
	GlobalSection(ProjectConfigurationPlatforms) = postSolution
		{E8F90A67-670D-4CA1-BF60-C28C5E96B99D}.Debug|iPhone.ActiveCfg = Debug|iPhone
		{E8F90A67-670D-4CA1-BF60-C28C5E96B99D}.Debug|iPhone.Build.0 = Debug|iPhone
		{E8F90A67-670D-4CA1-BF60-C28C5E96B99D}.Debug|iPhone.Deploy.0 = Debug|iPhone
		{E8F90A67-670D-4CA1-BF60-C28C5E96B99D}.Debug|iPhoneSimulator.ActiveCfg = Debug|iPhoneSimulator
		{E8F90A67-670D-4CA1-BF60-C28C5E96B99D}.Debug|iPhoneSimulator.Build.0 = Debug|iPhoneSimulator
		{E8F90A67-670D-4CA1-BF60-C28C5E96B99D}.Debug|iPhoneSimulator.Deploy.0 = Debug|iPhoneSimulator
		{E8F90A67-670D-4CA1-BF60-C28C5E96B99D}.Release|iPhone.ActiveCfg = Release|iPhone
		{E8F90A67-670D-4CA1-BF60-C28C5E96B99D}.Release|iPhone.Build.0 = Release|iPhone
		{E8F90A67-670D-4CA1-BF60-C28C5E96B99D}.Release|iPhone.Deploy.0 = Release|iPhone
		{E8F90A67-670D-4CA1-BF60-C28C5E96B99D}.Release|iPhoneSimulator.ActiveCfg = Release|iPhoneSimulator
		{E8F90A67-670D-4CA1-BF60-C28C5E96B99D}.Release|iPhoneSimulator.Build.0 = Release|iPhoneSimulator
		{E8F90A67-670D-4CA1-BF60-C28C5E96B99D}.Release|iPhoneSimulator.Deploy.0 = Release|iPhoneSimulator
		{12F8221E-F1DF-4372-94BF-A6BECFDA196F}.Debug|iPhone.ActiveCfg = Debug|Any CPU
		{12F8221E-F1DF-4372-94BF-A6BECFDA196F}.Debug|iPhone.Build.0 = Debug|Any CPU
		{12F8221E-F1DF-4372-94BF-A6BECFDA196F}.Debug|iPhoneSimulator.ActiveCfg = Debug|Any CPU
		{12F8221E-F1DF-4372-94BF-A6BECFDA196F}.Debug|iPhoneSimulator.Build.0 = Debug|Any CPU
		{12F8221E-F1DF-4372-94BF-A6BECFDA196F}.Release|iPhone.ActiveCfg = Release|Any CPU
		{12F8221E-F1DF-4372-94BF-A6BECFDA196F}.Release|iPhone.Build.0 = Release|Any CPU
		{12F8221E-F1DF-4372-94BF-A6BECFDA196F}.Release|iPhoneSimulator.ActiveCfg = Release|Any CPU
		{12F8221E-F1DF-4372-94BF-A6BECFDA196F}.Release|iPhoneSimulator.Build.0 = Release|Any CPU
		{7EA6BBA4-8007-41F5-9C1C-8009F7E414BB}.Debug|iPhone.ActiveCfg = Debug|Any CPU
		{7EA6BBA4-8007-41F5-9C1C-8009F7E414BB}.Debug|iPhone.Build.0 = Debug|Any CPU
		{7EA6BBA4-8007-41F5-9C1C-8009F7E414BB}.Debug|iPhoneSimulator.ActiveCfg = Debug|Any CPU
		{7EA6BBA4-8007-41F5-9C1C-8009F7E414BB}.Debug|iPhoneSimulator.Build.0 = Debug|Any CPU
		{7EA6BBA4-8007-41F5-9C1C-8009F7E414BB}.Release|iPhone.ActiveCfg = Release|Any CPU
		{7EA6BBA4-8007-41F5-9C1C-8009F7E414BB}.Release|iPhone.Build.0 = Release|Any CPU
		{7EA6BBA4-8007-41F5-9C1C-8009F7E414BB}.Release|iPhoneSimulator.ActiveCfg = Release|Any CPU
		{7EA6BBA4-8007-41F5-9C1C-8009F7E414BB}.Release|iPhoneSimulator.Build.0 = Release|Any CPU
		{9B0B8742-B172-4C25-8AC2-FAEB7F7BB342}.Debug|iPhone.ActiveCfg = Debug|Any CPU
		{9B0B8742-B172-4C25-8AC2-FAEB7F7BB342}.Debug|iPhone.Build.0 = Debug|Any CPU
		{9B0B8742-B172-4C25-8AC2-FAEB7F7BB342}.Debug|iPhoneSimulator.ActiveCfg = Debug|Any CPU
		{9B0B8742-B172-4C25-8AC2-FAEB7F7BB342}.Debug|iPhoneSimulator.Build.0 = Debug|Any CPU
		{9B0B8742-B172-4C25-8AC2-FAEB7F7BB342}.Release|iPhone.ActiveCfg = Release|Any CPU
		{9B0B8742-B172-4C25-8AC2-FAEB7F7BB342}.Release|iPhone.Build.0 = Release|Any CPU
		{9B0B8742-B172-4C25-8AC2-FAEB7F7BB342}.Release|iPhoneSimulator.ActiveCfg = Release|Any CPU
		{9B0B8742-B172-4C25-8AC2-FAEB7F7BB342}.Release|iPhoneSimulator.Build.0 = Release|Any CPU
		{0DE9331D-2F1C-4E60-90C4-E09A4ED2DD1A}.Debug|iPhone.ActiveCfg = Debug|iPhone
		{0DE9331D-2F1C-4E60-90C4-E09A4ED2DD1A}.Debug|iPhone.Build.0 = Debug|iPhone
		{0DE9331D-2F1C-4E60-90C4-E09A4ED2DD1A}.Debug|iPhoneSimulator.ActiveCfg = Debug|iPhoneSimulator
		{0DE9331D-2F1C-4E60-90C4-E09A4ED2DD1A}.Debug|iPhoneSimulator.Build.0 = Debug|iPhoneSimulator
		{0DE9331D-2F1C-4E60-90C4-E09A4ED2DD1A}.Release|iPhone.ActiveCfg = Release|iPhone
		{0DE9331D-2F1C-4E60-90C4-E09A4ED2DD1A}.Release|iPhone.Build.0 = Release|iPhone
		{0DE9331D-2F1C-4E60-90C4-E09A4ED2DD1A}.Release|iPhoneSimulator.ActiveCfg = Release|iPhoneSimulator
		{0DE9331D-2F1C-4E60-90C4-E09A4ED2DD1A}.Release|iPhoneSimulator.Build.0 = Release|iPhoneSimulator
	EndGlobalSection
EndGlobal
